
Microsoft Visual Studio Solution File, Format Version 12.00
# Visual Studio 15
VisualStudioVersion = 15.0.28307.438
MinimumVisualStudioVersion = 10.0.40219.1
Project("{FAE04EC0-301F-11D3-BF4B-00C04F79EFBC}") = "ExercicioLista", "ExercicioLista\ExercicioLista.csproj", "{0644DA58-8A42-453D-AED1-C0ABE939981E}"
EndProject
Global
	GlobalSection(SolutionConfigurationPlatforms) = preSolution
		Debug|Any CPU = Debug|Any CPU
		Release|Any CPU = Release|Any CPU
	EndGlobalSection
	GlobalSection(ProjectConfigurationPlatforms) = postSolution
		{0644DA58-8A42-453D-AED1-C0ABE939981E}.Debug|Any CPU.ActiveCfg = Debug|Any CPU
		{0644DA58-8A42-453D-AED1-C0ABE939981E}.Debug|Any CPU.Build.0 = Debug|Any CPU
		{0644DA58-8A42-453D-AED1-C0ABE939981E}.Release|Any CPU.ActiveCfg = Release|Any CPU
		{0644DA58-8A42-453D-AED1-C0ABE939981E}.Release|Any CPU.Build.0 = Release|Any CPU
	EndGlobalSection
	GlobalSection(SolutionProperties) = preSolution
		HideSolutionNode = FALSE
	EndGlobalSection
	GlobalSection(ExtensibilityGlobals) = postSolution
		SolutionGuid = {A09A403A-EC19-4E80-A3B5-41356124AA8D}
	EndGlobalSection
EndGlobal
