
Microsoft Visual Studio Solution File, Format Version 12.00
# Visual Studio 15
VisualStudioVersion = 15.0.28307.438
MinimumVisualStudioVersion = 10.0.40219.1
Project("{FAE04EC0-301F-11D3-BF4B-00C04F79EFBC}") = "ExerciseAbstract", "ExerciseAbstract\ExerciseAbstract.csproj", "{76A0F9D0-E6EA-4F06-A339-D65CF6218A78}"
EndProject
Global
	GlobalSection(SolutionConfigurationPlatforms) = preSolution
		Debug|Any CPU = Debug|Any CPU
		Release|Any CPU = Release|Any CPU
	EndGlobalSection
	GlobalSection(ProjectConfigurationPlatforms) = postSolution
		{76A0F9D0-E6EA-4F06-A339-D65CF6218A78}.Debug|Any CPU.ActiveCfg = Debug|Any CPU
		{76A0F9D0-E6EA-4F06-A339-D65CF6218A78}.Debug|Any CPU.Build.0 = Debug|Any CPU
		{76A0F9D0-E6EA-4F06-A339-D65CF6218A78}.Release|Any CPU.ActiveCfg = Release|Any CPU
		{76A0F9D0-E6EA-4F06-A339-D65CF6218A78}.Release|Any CPU.Build.0 = Release|Any CPU
	EndGlobalSection
	GlobalSection(SolutionProperties) = preSolution
		HideSolutionNode = FALSE
	EndGlobalSection
	GlobalSection(ExtensibilityGlobals) = postSolution
		SolutionGuid = {0E44EF7B-E047-43A4-A728-AA7DFF2193BF}
	EndGlobalSection
EndGlobal
