
Microsoft Visual Studio Solution File, Format Version 12.00
# Visual Studio 15
VisualStudioVersion = 15.0.28307.438
MinimumVisualStudioVersion = 10.0.40219.1
Project("{FAE04EC0-301F-11D3-BF4B-00C04F79EFBC}") = "ExerciseEnumComposition", "ExerciseEnumComposition\ExerciseEnumComposition.csproj", "{3D36C8AC-F72A-473A-81F9-59B74B602AE8}"
EndProject
Global
	GlobalSection(SolutionConfigurationPlatforms) = preSolution
		Debug|Any CPU = Debug|Any CPU
		Release|Any CPU = Release|Any CPU
	EndGlobalSection
	GlobalSection(ProjectConfigurationPlatforms) = postSolution
		{3D36C8AC-F72A-473A-81F9-59B74B602AE8}.Debug|Any CPU.ActiveCfg = Debug|Any CPU
		{3D36C8AC-F72A-473A-81F9-59B74B602AE8}.Debug|Any CPU.Build.0 = Debug|Any CPU
		{3D36C8AC-F72A-473A-81F9-59B74B602AE8}.Release|Any CPU.ActiveCfg = Release|Any CPU
		{3D36C8AC-F72A-473A-81F9-59B74B602AE8}.Release|Any CPU.Build.0 = Release|Any CPU
	EndGlobalSection
	GlobalSection(SolutionProperties) = preSolution
		HideSolutionNode = FALSE
	EndGlobalSection
	GlobalSection(ExtensibilityGlobals) = postSolution
		SolutionGuid = {AA9705B8-F3D1-4BE8-9FEB-DE393BD171E0}
	EndGlobalSection
EndGlobal
