
Microsoft Visual Studio Solution File, Format Version 12.00
# Visual Studio 15
VisualStudioVersion = 15.0.28307.438
MinimumVisualStudioVersion = 10.0.40219.1
Project("{FAE04EC0-301F-11D3-BF4B-00C04F79EFBC}") = "ClasseEstaticaConversor", "ClasseEstaticaConversor\ClasseEstaticaConversor.csproj", "{99AD0BA7-7615-4DDF-90CB-54D6BC66AAF3}"
EndProject
Global
	GlobalSection(SolutionConfigurationPlatforms) = preSolution
		Debug|Any CPU = Debug|Any CPU
		Release|Any CPU = Release|Any CPU
	EndGlobalSection
	GlobalSection(ProjectConfigurationPlatforms) = postSolution
		{99AD0BA7-7615-4DDF-90CB-54D6BC66AAF3}.Debug|Any CPU.ActiveCfg = Debug|Any CPU
		{99AD0BA7-7615-4DDF-90CB-54D6BC66AAF3}.Debug|Any CPU.Build.0 = Debug|Any CPU
		{99AD0BA7-7615-4DDF-90CB-54D6BC66AAF3}.Release|Any CPU.ActiveCfg = Release|Any CPU
		{99AD0BA7-7615-4DDF-90CB-54D6BC66AAF3}.Release|Any CPU.Build.0 = Release|Any CPU
	EndGlobalSection
	GlobalSection(SolutionProperties) = preSolution
		HideSolutionNode = FALSE
	EndGlobalSection
	GlobalSection(ExtensibilityGlobals) = postSolution
		SolutionGuid = {EAD27219-BB65-47E6-8F44-1D8631EB15A3}
	EndGlobalSection
EndGlobal
